
Microsoft Visual Studio Solution File, Format Version 12.00
# Visual Studio Version 16
VisualStudioVersion = 16.0.31129.286
MinimumVisualStudioVersion = 10.0.40219.1
Project("{FAE04EC0-301F-11D3-BF4B-00C04F79EFBC}") = "API", "API\API.csproj", "{08EB4EDA-CBF5-458B-A1F0-F6D5F719B411}"
EndProject
Global
	GlobalSection(SolutionConfigurationPlatforms) = preSolution
		Debug|Any CPU = Debug|Any CPU
		Release|Any CPU = Release|Any CPU
	EndGlobalSection
	GlobalSection(ProjectConfigurationPlatforms) = postSolution
		{08EB4EDA-CBF5-458B-A1F0-F6D5F719B411}.Debug|Any CPU.ActiveCfg = Debug|Any CPU
		{08EB4EDA-CBF5-458B-A1F0-F6D5F719B411}.Debug|Any CPU.Build.0 = Debug|Any CPU
		{08EB4EDA-CBF5-458B-A1F0-F6D5F719B411}.Release|Any CPU.ActiveCfg = Release|Any CPU
		{08EB4EDA-CBF5-458B-A1F0-F6D5F719B411}.Release|Any CPU.Build.0 = Release|Any CPU
	EndGlobalSection
	GlobalSection(SolutionProperties) = preSolution
		HideSolutionNode = FALSE
	EndGlobalSection
	GlobalSection(ExtensibilityGlobals) = postSolution
		SolutionGuid = {EA1AAB6B-6214-4968-A250-D70A55F2EDB3}
	EndGlobalSection
EndGlobal
